
Microsoft Visual Studio Solution File, Format Version 12.00
# Visual Studio 15
VisualStudioVersion = 15.0.27703.2035
MinimumVisualStudioVersion = 10.0.40219.1
Project("{FAE04EC0-301F-11D3-BF4B-00C04F79EFBC}") = "UnravelerCS", "UnravelerCS\UnravelerCS.csproj", "{09172302-D8CA-4DD0-9205-0E807BB1C2E6}"
EndProject
Global
	GlobalSection(SolutionConfigurationPlatforms) = preSolution
		Debug|Any CPU = Debug|Any CPU
		Release|Any CPU = Release|Any CPU
	EndGlobalSection
	GlobalSection(ProjectConfigurationPlatforms) = postSolution
		{09172302-D8CA-4DD0-9205-0E807BB1C2E6}.Debug|Any CPU.ActiveCfg = Debug|Any CPU
		{09172302-D8CA-4DD0-9205-0E807BB1C2E6}.Debug|Any CPU.Build.0 = Debug|Any CPU
		{09172302-D8CA-4DD0-9205-0E807BB1C2E6}.Release|Any CPU.ActiveCfg = Release|Any CPU
		{09172302-D8CA-4DD0-9205-0E807BB1C2E6}.Release|Any CPU.Build.0 = Release|Any CPU
	EndGlobalSection
	GlobalSection(SolutionProperties) = preSolution
		HideSolutionNode = FALSE
	EndGlobalSection
	GlobalSection(ExtensibilityGlobals) = postSolution
		SolutionGuid = {907574C8-BE13-445A-8143-E3F1B774C48B}
	EndGlobalSection
EndGlobal
